
Microsoft Visual Studio Solution File, Format Version 12.00
# Visual Studio Version 17
VisualStudioVersion = 17.12.35527.113
MinimumVisualStudioVersion = 10.0.40219.1
Project("{FAE04EC0-301F-11D3-BF4B-00C04F79EFBC}") = "Car_projekt", "Car_projekt.csproj", "{6A4FAA53-F0B6-4A0F-AA46-DB0CC91E5479}"
EndProject
Project("{2150E333-8FDC-42A3-9474-1A3956D46DE8}") = "lib", "lib", "{9D4D63B7-8CD6-44CC-B0BE-9EB4F40722E2}"
	ProjectSection(SolutionItems) = preProject
		..\..\..\..\..\Program Files (x86)\MySQL\MySQL Connector NET 9.1\MySql.Data.dll = ..\..\..\..\..\Program Files (x86)\MySQL\MySQL Connector NET 9.1\MySql.Data.dll
	EndProjectSection
EndProject
Global
	GlobalSection(SolutionConfigurationPlatforms) = preSolution
		Debug|Any CPU = Debug|Any CPU
		Release|Any CPU = Release|Any CPU
	EndGlobalSection
	GlobalSection(ProjectConfigurationPlatforms) = postSolution
		{6A4FAA53-F0B6-4A0F-AA46-DB0CC91E5479}.Debug|Any CPU.ActiveCfg = Debug|Any CPU
		{6A4FAA53-F0B6-4A0F-AA46-DB0CC91E5479}.Debug|Any CPU.Build.0 = Debug|Any CPU
		{6A4FAA53-F0B6-4A0F-AA46-DB0CC91E5479}.Release|Any CPU.ActiveCfg = Release|Any CPU
		{6A4FAA53-F0B6-4A0F-AA46-DB0CC91E5479}.Release|Any CPU.Build.0 = Release|Any CPU
	EndGlobalSection
	GlobalSection(SolutionProperties) = preSolution
		HideSolutionNode = FALSE
	EndGlobalSection
EndGlobal
